
Microsoft Visual Studio Solution File, Format Version 12.00
# Visual Studio Version 17
VisualStudioVersion = 17.8.34511.84
MinimumVisualStudioVersion = 10.0.40219.1
Project("{FAE04EC0-301F-11D3-BF4B-00C04F79EFBC}") = "CreateSettingsLookForSpecialOffers", "CreateSettingsLookForSpecialOffers.csproj", "{335BC908-B4B2-4AC9-8FF6-F227450B8297}"
EndProject
Global
	GlobalSection(SolutionConfigurationPlatforms) = preSolution
		Debug|Any CPU = Debug|Any CPU
		Release|Any CPU = Release|Any CPU
	EndGlobalSection
	GlobalSection(ProjectConfigurationPlatforms) = postSolution
		{335BC908-B4B2-4AC9-8FF6-F227450B8297}.Debug|Any CPU.ActiveCfg = Debug|Any CPU
		{335BC908-B4B2-4AC9-8FF6-F227450B8297}.Debug|Any CPU.Build.0 = Debug|Any CPU
		{335BC908-B4B2-4AC9-8FF6-F227450B8297}.Debug|Any CPU.Deploy.0 = Debug|Any CPU
		{335BC908-B4B2-4AC9-8FF6-F227450B8297}.Release|Any CPU.ActiveCfg = Release|Any CPU
		{335BC908-B4B2-4AC9-8FF6-F227450B8297}.Release|Any CPU.Build.0 = Release|Any CPU
		{335BC908-B4B2-4AC9-8FF6-F227450B8297}.Release|Any CPU.Deploy.0 = Release|Any CPU
	EndGlobalSection
	GlobalSection(SolutionProperties) = preSolution
		HideSolutionNode = FALSE
	EndGlobalSection
	GlobalSection(ExtensibilityGlobals) = postSolution
		SolutionGuid = {4D6A590E-4AA3-4912-946E-AFF764FB7328}
	EndGlobalSection
EndGlobal
